// !$*UTF8*$!
{
	archiveVersion = 1;
	classes = {
	};
	objectVersion = 50;
	objects = {

/* Begin PBXBuildFile section */
		CC01B78922EF8F2A0067180D /* AppDelegate.swift in Sources */ = {isa = PBXBuildFile; fileRef = CC01B78822EF8F2A0067180D /* AppDelegate.swift */; };
		CC01B78B22EF8F2A0067180D /* ViewController.swift in Sources */ = {isa = PBXBuildFile; fileRef = CC01B78A22EF8F2A0067180D /* ViewController.swift */; };
		CC01B78E22EF8F2A0067180D /* Main.storyboard in Resources */ = {isa = PBXBuildFile; fileRef = CC01B78C22EF8F2A0067180D /* Main.storyboard */; };
		CC01B79122EF8F2A0067180D /* Christmas_app.xcdatamodeld in Sources */ = {isa = PBXBuildFile; fileRef = CC01B78F22EF8F2A0067180D /* Christmas_app.xcdatamodeld */; };
		CC01B79322EF8F2D0067180D /* Assets.xcassets in Resources */ = {isa = PBXBuildFile; fileRef = CC01B79222EF8F2D0067180D /* Assets.xcassets */; };
		CC01B79622EF8F2D0067180D /* LaunchScreen.storyboard in Resources */ = {isa = PBXBuildFile; fileRef = CC01B79422EF8F2D0067180D /* LaunchScreen.storyboard */; };
/* End PBXBuildFile section */

/* Begin PBXFileReference section */
		CC01B78522EF8F2A0067180D /* Christmas app.app */ = {isa = PBXFileReference; explicitFileType = wrapper.application; includeInIndex = 0; path = "Christmas app.app"; sourceTree = BUILT_PRODUCTS_DIR; };
		CC01B78822EF8F2A0067180D /* AppDelegate.swift */ = {isa = PBXFileReference; lastKnownFileType = sourcecode.swift; path = AppDelegate.swift; sourceTree = "<group>"; };
		CC01B78A22EF8F2A0067180D /* ViewController.swift */ = {isa = PBXFileReference; lastKnownFileType = sourcecode.swift; path = ViewController.swift; sourceTree = "<group>"; };
		CC01B78D22EF8F2A0067180D /* Base */ = {isa = PBXFileReference; lastKnownFileType = file.storyboard; name = Base; path = Base.lproj/Main.storyboard; sourceTree = "<group>"; };
		CC01B79022EF8F2A0067180D /* Christmas_app.xcdatamodel */ = {isa = PBXFileReference; lastKnownFileType = wrapper.xcdatamodel; path = Christmas_app.xcdatamodel; sourceTree = "<group>"; };
		CC01B79222EF8F2D0067180D /* Assets.xcassets */ = {isa = PBXFileReference; lastKnownFileType = folder.assetcatalog; path = Assets.xcassets; sourceTree = "<group>"; };
		CC01B79522EF8F2D0067180D /* Base */ = {isa = PBXFileReference; lastKnownFileType = file.storyboard; name = Base; path = Base.lproj/LaunchScreen.storyboard; sourceTree = "<group>"; };
		CC01B79722EF8F2D0067180D /* Info.plist */ = {isa = PBXFileReference; lastKnownFileType = text.plist.xml; path = Info.plist; sourceTree = "<group>"; };
/* End PBXFileReference section */

/* Begin PBXFrameworksBuildPhase section */
		CC01B78222EF8F2A0067180D /* Frameworks */ = {
			isa = PBXFrameworksBuildPhase;
			buildActionMask = 2147483647;
			files = (
			);
			runOnlyForDeploymentPostprocessing = 0;
		};
/* End PBXFrameworksBuildPhase section */

/* Begin PBXGroup section */
		CC01B77C22EF8F2A0067180D = {
			isa = PBXGroup;
			children = (
				CC01B78722EF8F2A0067180D /* Christmas app */,
				CC01B78622EF8F2A0067180D /* Products */,
			);
			sourceTree = "<group>";
		};
		CC01B78622EF8F2A0067180D /* Products */ = {
			isa = PBXGroup;
			children = (
				CC01B78522EF8F2A0067180D /* Christmas app.app */,
			);
			name = Products;
			sourceTree = "<group>";
		};
		CC01B78722EF8F2A0067180D /* Christmas app */ = {
			isa = PBXGroup;
			children = (
				CC01B78822EF8F2A0067180D /* AppDelegate.swift */,
				CC01B78A22EF8F2A0067180D /* ViewController.swift */,
				CC01B78C22EF8F2A0067180D /* Main.storyboard */,
				CC01B79222EF8F2D0067180D /* Assets.xcassets */,
				CC01B79422EF8F2D0067180D /* LaunchScreen.storyboard */,
				CC01B79722EF8F2D0067180D /* Info.plist */,
				CC01B78F22EF8F2A0067180D /* Christmas_app.xcdatamodeld */,
			);
			path = "Christmas app";
			sourceTree = "<group>";
		};
/* End PBXGroup section */

/* Begin PBXNativeTarget section */
		CC01B78422EF8F2A0067180D /* Christmas app */ = {
			isa = PBXNativeTarget;
			buildConfigurationList = CC01B79A22EF8F2D0067180D /* Build configuration list for PBXNativeTarget "Christmas app" */;
			buildPhases = (
				CC01B78122EF8F2A0067180D /* Sources */,
				CC01B78222EF8F2A0067180D /* Frameworks */,
				CC01B78322EF8F2A0067180D /* Resources */,
			);
			buildRules = (
			);
			dependencies = (
			);
			name = "Christmas app";
			productName = "Christmas app";
			productReference = CC01B78522EF8F2A0067180D /* Christmas app.app */;
			productType = "com.apple.product-type.application";
		};
/* End PBXNativeTarget section */

/* Begin PBXProject section */
		CC01B77D22EF8F2A0067180D /* Project object */ = {
			isa = PBXProject;
			attributes = {
				LastSwiftUpdateCheck = 1030;
				LastUpgradeCheck = 1030;
				ORGANIZATIONNAME = GWC;
				TargetAttributes = {
					CC01B78422EF8F2A0067180D = {
						CreatedOnToolsVersion = 10.3;
					};
				};
			};
			buildConfigurationList = CC01B78022EF8F2A0067180D /* Build configuration list for PBXProject "Christmas app" */;
			compatibilityVersion = "Xcode 9.3";
			developmentRegion = en;
			hasScannedForEncodings = 0;
			knownRegions = (
				en,
				Base,
			);
			mainGroup = CC01B77C22EF8F2A0067180D;
			productRefGroup = CC01B78622EF8F2A0067180D /* Products */;
			projectDirPath = "";
			projectRoot = "";
			targets = (
				CC01B78422EF8F2A0067180D /* Christmas app */,
			);
		};
/* End PBXProject section */

/* Begin PBXResourcesBuildPhase section */
		CC01B78322EF8F2A0067180D /* Resources */ = {
			isa = PBXResourcesBuildPhase;
			buildActionMask = 2147483647;
			files = (
				CC01B79622EF8F2D0067180D /* LaunchScreen.storyboard in Resources */,
				CC01B79322EF8F2D0067180D /* Assets.xcassets in Resources */,
				CC01B78E22EF8F2A0067180D /* Main.storyboard in Resources */,
			);
			runOnlyForDeploymentPostprocessing = 0;
		};
/* End PBXResourcesBuildPhase section */

/* Begin PBXSourcesBuildPhase section */
		CC01B78122EF8F2A0067180D /* Sources */ = {
			isa = PBXSourcesBuildPhase;
			buildActionMask = 2147483647;
			files = (
				CC01B78B22EF8F2A0067180D /* ViewController.swift in Sources */,
				CC01B78922EF8F2A0067180D /* AppDelegate.swift in Sources */,
				CC01B79122EF8F2A0067180D /* Christmas_app.xcdatamodeld in Sources */,
			);
			runOnlyForDeploymentPostprocessing = 0;
		};
/* End PBXSourcesBuildPhase section */

/* Begin PBXVariantGroup section */
		CC01B78C22EF8F2A0067180D /* Main.storyboard */ = {
			isa = PBXVariantGroup;
			children = (
				CC01B78D22EF8F2A0067180D /* Base */,
			);
			name = Main.storyboard;
			sourceTree = "<group>";
		};
		CC01B79422EF8F2D0067180D /* LaunchScreen.storyboard */ = {
			isa = PBXVariantGroup;
			children = (
				CC01B79522EF8F2D0067180D /* Base */,
			);
			name = LaunchScreen.storyboard;
			sourceTree = "<group>";
		};
/* End PBXVariantGroup section */

/* Begin XCBuildConfiguration section */
		CC01B79822EF8F2D0067180D /* Debug */ = {
			isa = XCBuildConfiguration;
			buildSettings = {
				ALWAYS_SEARCH_USER_PATHS = NO;
				CLANG_ANALYZER_NONNULL = YES;
				CLANG_ANALYZER_NUMBER_OBJECT_CONVERSION = YES_AGGRESSIVE;
				CLANG_CXX_LANGUAGE_STANDARD = "gnu++14";
				CLANG_CXX_LIBRARY = "libc++";
				CLANG_ENABLE_MODULES = YES;
				CLANG_ENABLE_OBJC_ARC = YES;
				CLANG_ENABLE_OBJC_WEAK = YES;
				CLANG_WARN_BLOCK_CAPTURE_AUTORELEASING = YES;
				CLANG_WARN_BOOL_CONVERSION = YES;
				CLANG_WARN_COMMA = YES;
				CLANG_WARN_CONSTANT_CONVERSION = YES;
				CLANG_WARN_DEPRECATED_OBJC_IMPLEMENTATIONS = YES;
				CLANG_WARN_DIRECT_OBJC_ISA_USAGE = YES_ERROR;
				CLANG_WARN_DOCUMENTATION_COMMENTS = YES;
				CLANG_WARN_EMPTY_BODY = YES;
				CLANG_WARN_ENUM_CONVERSION = YES;
				CLANG_WARN_INFINITE_RECURSION = YES;
				CLANG_WARN_INT_CONVERSION = YES;
				CLANG_WARN_NON_LITERAL_NULL_CONVERSION = YES;
				CLANG_WARN_OBJC_IMPLICIT_RETAIN_SELF = YES;
				CLANG_WARN_OBJC_LITERAL_CONVERSION = YES;
				CLANG_WARN_OBJC_ROOT_CLASS = YES_ERROR;
				CLANG_WARN_RANGE_LOOP_ANALYSIS = YES;
				CLANG_WARN_STRICT_PROTOTYPES = YES;
				CLANG_WARN_SUSPICIOUS_MOVE = YES;
				CLANG_WARN_UNGUARDED_AVAILABILITY = YES_AGGRESSIVE;
				CLANG_WARN_UNREACHABLE_CODE = YES;
				CLANG_WARN__DUPLICATE_METHOD_MATCH = YES;
				CODE_SIGN_IDENTITY = "iPhone Developer";
				COPY_PHASE_STRIP = NO;
				DEBUG_INFORMATION_FORMAT = dwarf;
				ENABLE_STRICT_OBJC_MSGSEND = YES;
				ENABLE_TESTABILITY = YES;
				GCC_C_LANGUAGE_STANDARD = gnu11;
				GCC_DYNAMIC_NO_PIC = NO;
				GCC_NO_COMMON_BLOCKS = YES;
				GCC_OPTIMIZATION_LEVEL = 0;
				GCC_PREPROCESSOR_DEFINITIONS = (
					"DEBUG=1",
					"$(inherited)",
				);
				GCC_WARN_64_TO_32_BIT_CONVERSION = YES;
				GCC_WARN_ABOUT_RETURN_TYPE = YES_ERROR;
				GCC_WARN_UNDECLARED_SELECTOR = YES;
				GCC_WARN_UNINITIALIZED_AUTOS = YES_AGGRESSIVE;
				GCC_WARN_UNUSED_FUNCTION = YES;
				GCC_WARN_UNUSED_VARIABLE = YES;
				IPHONEOS_DEPLOYMENT_TARGET = 12.4;
				MTL_ENABLE_DEBUG_INFO = INCLUDE_SOURCE;
				MTL_FAST_MATH = YES;
				ONLY_ACTIVE_ARCH = YES;
				SDKROOT = iphoneos;
				SWIFT_ACTIVE_COMPILATION_CONDITIONS = DEBUG;
				SWIFT_OPTIMIZATION_LEVEL = "-Onone";
			};
			name = Debug;
		};
		CC01B79922EF8F2D0067180D /* Release */ = {
			isa = XCBuildConfiguration;
			buildSettings = {
				ALWAYS_SEARCH_USER_PATHS = NO;
				CLANG_ANALYZER_NONNULL = YES;
				CLANG_ANALYZER_NUMBER_OBJECT_CONVERSION = YES_AGGRESSIVE;
				CLANG_CXX_LANGUAGE_STANDARD = "gnu++14";
				CLANG_CXX_LIBRARY = "libc++";
				CLANG_ENABLE_MODULES = YES;
				CLANG_ENABLE_OBJC_ARC = YES;
				CLANG_ENABLE_OBJC_WEAK = YES;
				CLANG_WARN_BLOCK_CAPTURE_AUTORELEASING = YES;
				CLANG_WARN_BOOL_CONVERSION = YES;
				CLANG_WARN_COMMA = YES;
				CLANG_WARN_CONSTANT_CONVERSION = YES;
				CLANG_WARN_DEPRECATED_OBJC_IMPLEMENTATIONS = YES;
				CLANG_WARN_DIRECT_OBJC_ISA_USAGE = YES_ERROR;
				CLANG_WARN_DOCUMENTATION_COMMENTS = YES;
				CLANG_WARN_EMPTY_BODY = YES;
				CLANG_WARN_ENUM_CONVERSION = YES;
				CLANG_WARN_INFINITE_RECURSION = YES;
				CLANG_WARN_INT_CONVERSION = YES;
				CLANG_WARN_NON_LITERAL_NULL_CONVERSION = YES;
				CLANG_WARN_OBJC_IMPLICIT_RETAIN_SELF = YES;
				CLANG_WARN_OBJC_LITERAL_CONVERSION = YES;
				CLANG_WARN_OBJC_ROOT_CLASS = YES_ERROR;
				CLANG_WARN_RANGE_LOOP_ANALYSIS = YES;
				CLANG_WARN_STRICT_PROTOTYPES = YES;
				CLANG_WARN_SUSPICIOUS_MOVE = YES;
				CLANG_WARN_UNGUARDED_AVAILABILITY = YES_AGGRESSIVE;
				CLANG_WARN_UNREACHABLE_CODE = YES;
				CLANG_WARN__DUPLICATE_METHOD_MATCH = YES;
				CODE_SIGN_IDENTITY = "iPhone Developer";
				COPY_PHASE_STRIP = NO;
				DEBUG_INFORMATION_FORMAT = "dwarf-with-dsym";
				ENABLE_NS_ASSERTIONS = NO;
				ENABLE_STRICT_OBJC_MSGSEND = YES;
				GCC_C_LANGUAGE_STANDARD = gnu11;
				GCC_NO_COMMON_BLOCKS = YES;
				GCC_WARN_64_TO_32_BIT_CONVERSION = YES;
				GCC_WARN_ABOUT_RETURN_TYPE = YES_ERROR;
				GCC_WARN_UNDECLARED_SELECTOR = YES;
				GCC_WARN_UNINITIALIZED_AUTOS = YES_AGGRESSIVE;
				GCC_WARN_UNUSED_FUNCTION = YES;
				GCC_WARN_UNUSED_VARIABLE = YES;
				IPHONEOS_DEPLOYMENT_TARGET = 12.4;
				MTL_ENABLE_DEBUG_INFO = NO;
				MTL_FAST_MATH = YES;
				SDKROOT = iphoneos;
				SWIFT_COMPILATION_MODE = wholemodule;
				SWIFT_OPTIMIZATION_LEVEL = "-O";
				VALIDATE_PRODUCT = YES;
			};
			name = Release;
		};
		CC01B79B22EF8F2D0067180D /* Debug */ = {
			isa = XCBuildConfiguration;
			buildSettings = {
				ASSETCATALOG_COMPILER_APPICON_NAME = AppIcon;
				CODE_SIGN_STYLE = Automatic;
				DEVELOPMENT_TEAM = 64N7WU86D7;
				INFOPLIST_FILE = "Christmas app/Info.plist";
				LD_RUNPATH_SEARCH_PATHS = (
					"$(inherited)",
					"@executable_path/Frameworks",
				);
				PRODUCT_BUNDLE_IDENTIFIER = "com.ShamsheerSingh.Christmas-app";
				PRODUCT_NAME = "$(TARGET_NAME)";
				SWIFT_VERSION = 5.0;
				TARGETED_DEVICE_FAMILY = "1,2";
			};
			name = Debug;
		};
		CC01B79C22EF8F2D0067180D /* Release */ = {
			isa = XCBuildConfiguration;
			buildSettings = {
				ASSETCATALOG_COMPILER_APPICON_NAME = AppIcon;
				CODE_SIGN_STYLE = Automatic;
				DEVELOPMENT_TEAM = 64N7WU86D7;
				INFOPLIST_FILE = "Christmas app/Info.plist";
				LD_RUNPATH_SEARCH_PATHS = (
					"$(inherited)",
					"@executable_path/Frameworks",
				);
				PRODUCT_BUNDLE_IDENTIFIER = "com.ShamsheerSingh.Christmas-app";
				PRODUCT_NAME = "$(TARGET_NAME)";
				SWIFT_VERSION = 5.0;
				TARGETED_DEVICE_FAMILY = "1,2";
			};
			name = Release;
		};
/* End XCBuildConfiguration section */

/* Begin XCConfigurationList section */
		CC01B78022EF8F2A0067180D /* Build configuration list for PBXProject "Christmas app" */ = {
			isa = XCConfigurationList;
			buildConfigurations = (
				CC01B79822EF8F2D0067180D /* Debug */,
				CC01B79922EF8F2D0067180D /* Release */,
			);
			defaultConfigurationIsVisible = 0;
			defaultConfigurationName = Release;
		};
		CC01B79A22EF8F2D0067180D /* Build configuration list for PBXNativeTarget "Christmas app" */ = {
			isa = XCConfigurationList;
			buildConfigurations = (
				CC01B79B22EF8F2D0067180D /* Debug */,
				CC01B79C22EF8F2D0067180D /* Release */,
			);
			defaultConfigurationIsVisible = 0;
			defaultConfigurationName = Release;
		};
/* End XCConfigurationList section */

/* Begin XCVersionGroup section */
		CC01B78F22EF8F2A0067180D /* Christmas_app.xcdatamodeld */ = {
			isa = XCVersionGroup;
			children = (
				CC01B79022EF8F2A0067180D /* Christmas_app.xcdatamodel */,
			);
			currentVersion = CC01B79022EF8F2A0067180D /* Christmas_app.xcdatamodel */;
			path = Christmas_app.xcdatamodeld;
			sourceTree = "<group>";
			versionGroupType = wrapper.xcdatamodel;
		};
/* End XCVersionGroup section */
	};
	rootObject = CC01B77D22EF8F2A0067180D /* Project object */;
}
